
Microsoft Visual Studio Solution File, Format Version 12.00
# Visual Studio Version 16
VisualStudioVersion = 16.0.30611.23
MinimumVisualStudioVersion = 10.0.40219.1
Project("{FAE04EC0-301F-11D3-BF4B-00C04F79EFBC}") = "Capa datos", "Capa datos\Capa datos.csproj", "{25AA56DD-D44B-49D5-A485-9F6E307B22D6}"
EndProject
Project("{FAE04EC0-301F-11D3-BF4B-00C04F79EFBC}") = "Capa Negocio", "Capa Negocio\Capa Negocio.csproj", "{5FC0188C-2723-442F-907B-A4EB77F07260}"
EndProject
Project("{FAE04EC0-301F-11D3-BF4B-00C04F79EFBC}") = "Capa Precentacion", "Capa Precentacion1\Capa Precentacion.csproj", "{4B7E94BB-65E2-4A6A-AD99-BCEBE3094D30}"
EndProject
Global
	GlobalSection(SolutionConfigurationPlatforms) = preSolution
		Debug|Any CPU = Debug|Any CPU
		Release|Any CPU = Release|Any CPU
	EndGlobalSection
	GlobalSection(ProjectConfigurationPlatforms) = postSolution
		{25AA56DD-D44B-49D5-A485-9F6E307B22D6}.Debug|Any CPU.ActiveCfg = Debug|Any CPU
		{25AA56DD-D44B-49D5-A485-9F6E307B22D6}.Debug|Any CPU.Build.0 = Debug|Any CPU
		{25AA56DD-D44B-49D5-A485-9F6E307B22D6}.Release|Any CPU.ActiveCfg = Release|Any CPU
		{25AA56DD-D44B-49D5-A485-9F6E307B22D6}.Release|Any CPU.Build.0 = Release|Any CPU
		{5FC0188C-2723-442F-907B-A4EB77F07260}.Debug|Any CPU.ActiveCfg = Debug|Any CPU
		{5FC0188C-2723-442F-907B-A4EB77F07260}.Debug|Any CPU.Build.0 = Debug|Any CPU
		{5FC0188C-2723-442F-907B-A4EB77F07260}.Release|Any CPU.ActiveCfg = Release|Any CPU
		{5FC0188C-2723-442F-907B-A4EB77F07260}.Release|Any CPU.Build.0 = Release|Any CPU
		{4B7E94BB-65E2-4A6A-AD99-BCEBE3094D30}.Debug|Any CPU.ActiveCfg = Debug|Any CPU
		{4B7E94BB-65E2-4A6A-AD99-BCEBE3094D30}.Debug|Any CPU.Build.0 = Debug|Any CPU
		{4B7E94BB-65E2-4A6A-AD99-BCEBE3094D30}.Release|Any CPU.ActiveCfg = Release|Any CPU
		{4B7E94BB-65E2-4A6A-AD99-BCEBE3094D30}.Release|Any CPU.Build.0 = Release|Any CPU
	EndGlobalSection
	GlobalSection(SolutionProperties) = preSolution
		HideSolutionNode = FALSE
	EndGlobalSection
	GlobalSection(ExtensibilityGlobals) = postSolution
		SolutionGuid = {A25C8FE7-E9B2-4810-940D-A6F7A4E11A52}
	EndGlobalSection
EndGlobal
