
Microsoft Visual Studio Solution File, Format Version 12.00
# Visual Studio Version 16
VisualStudioVersion = 16.0.30611.23
MinimumVisualStudioVersion = 10.0.40219.1
Project("{FAE04EC0-301F-11D3-BF4B-00C04F79EFBC}") = "Punto de venta - POS", "Punto de venta - POS\Punto de venta - POS.csproj", "{87C5948F-C739-4B85-AD1F-BD3E51BDCF9F}"
EndProject
Global
	GlobalSection(SolutionConfigurationPlatforms) = preSolution
		Debug|Any CPU = Debug|Any CPU
		Release|Any CPU = Release|Any CPU
	EndGlobalSection
	GlobalSection(ProjectConfigurationPlatforms) = postSolution
		{87C5948F-C739-4B85-AD1F-BD3E51BDCF9F}.Debug|Any CPU.ActiveCfg = Debug|Any CPU
		{87C5948F-C739-4B85-AD1F-BD3E51BDCF9F}.Debug|Any CPU.Build.0 = Debug|Any CPU
		{87C5948F-C739-4B85-AD1F-BD3E51BDCF9F}.Release|Any CPU.ActiveCfg = Release|Any CPU
		{87C5948F-C739-4B85-AD1F-BD3E51BDCF9F}.Release|Any CPU.Build.0 = Release|Any CPU
	EndGlobalSection
	GlobalSection(SolutionProperties) = preSolution
		HideSolutionNode = FALSE
	EndGlobalSection
	GlobalSection(ExtensibilityGlobals) = postSolution
		SolutionGuid = {A25C8FE7-E9B2-4810-940D-A6F7A4E11A52}
	EndGlobalSection
EndGlobal
